
Microsoft Visual Studio Solution File, Format Version 12.00
# Visual Studio Version 16
VisualStudioVersion = 16.0.28803.156
MinimumVisualStudioVersion = 10.0.40219.1
Project("{FAE04EC0-301F-11D3-BF4B-00C04F79EFBC}") = "SangAdv.Updater.Master", "SangAdv.Updater.Master\SangAdv.Updater.Master.csproj", "{29EED3B4-E271-477D-A6DB-EEE0C2B8C33B}"
EndProject
Project("{FAE04EC0-301F-11D3-BF4B-00C04F79EFBC}") = "SangAdv.Updater.Client", "Sangadv.Updater.Client\SangAdv.Updater.Client.csproj", "{574CD675-D2E5-4789-AF9E-C5E217D352D4}"
EndProject
Project("{FAE04EC0-301F-11D3-BF4B-00C04F79EFBC}") = "SangAdv.Updater.Master.Update", "SangAdv.Updater.Master.Update\SangAdv.Updater.Master.Update.csproj", "{282D6A61-3125-4381-B6BA-C87867539EDE}"
	ProjectSection(ProjectDependencies) = postProject
		{574CD675-D2E5-4789-AF9E-C5E217D352D4} = {574CD675-D2E5-4789-AF9E-C5E217D352D4}
	EndProjectSection
EndProject
Project("{FAE04EC0-301F-11D3-BF4B-00C04F79EFBC}") = "TestUpdaterTest", "TestUpdaterTest\TestUpdaterTest.csproj", "{E4C6F5C7-7F69-4005-B386-9AA8354C3275}"
EndProject
Project("{2150E333-8FDC-42A3-9474-1A3956D46DE8}") = "TestApp", "TestApp", "{109DB61F-2B76-43FF-A5B3-5CBE980B6EAD}"
	ProjectSection(SolutionItems) = preProject
		Test\VersionInfo.cs = Test\VersionInfo.cs
	EndProjectSection
EndProject
Project("{FAE04EC0-301F-11D3-BF4B-00C04F79EFBC}") = "TestApp", "Test\TestApp\TestApp.csproj", "{B8662BA0-7734-4E81-9291-7C4D33CB2715}"
EndProject
Project("{FAE04EC0-301F-11D3-BF4B-00C04F79EFBC}") = "TestApp.Common", "Test\TestApp.Common\TestApp.Common.csproj", "{1EFA1B2C-824A-4947-92F5-BE0B10AF1B6D}"
EndProject
Project("{FAE04EC0-301F-11D3-BF4B-00C04F79EFBC}") = "TestUpdater", "Test\TestUpdater\TestUpdater.csproj", "{1404B7D8-601F-40A6-892D-82EEDEEC007A}"
EndProject
Project("{2150E333-8FDC-42A3-9474-1A3956D46DE8}") = "Client", "Client", "{BC2F5494-9768-481F-A55D-BAF24A72B9ED}"
EndProject
Project("{FAE04EC0-301F-11D3-BF4B-00C04F79EFBC}") = "ClientTest", "TestClient\ClientTest\ClientTest.csproj", "{80D60068-6473-4EF9-A4D0-503450466A56}"
EndProject
Global
	GlobalSection(SolutionConfigurationPlatforms) = preSolution
		Debug|Any CPU = Debug|Any CPU
		Release|Any CPU = Release|Any CPU
	EndGlobalSection
	GlobalSection(ProjectConfigurationPlatforms) = postSolution
		{29EED3B4-E271-477D-A6DB-EEE0C2B8C33B}.Debug|Any CPU.ActiveCfg = Debug|Any CPU
		{29EED3B4-E271-477D-A6DB-EEE0C2B8C33B}.Debug|Any CPU.Build.0 = Debug|Any CPU
		{29EED3B4-E271-477D-A6DB-EEE0C2B8C33B}.Release|Any CPU.ActiveCfg = Release|Any CPU
		{29EED3B4-E271-477D-A6DB-EEE0C2B8C33B}.Release|Any CPU.Build.0 = Release|Any CPU
		{574CD675-D2E5-4789-AF9E-C5E217D352D4}.Debug|Any CPU.ActiveCfg = Debug|Any CPU
		{574CD675-D2E5-4789-AF9E-C5E217D352D4}.Debug|Any CPU.Build.0 = Debug|Any CPU
		{574CD675-D2E5-4789-AF9E-C5E217D352D4}.Release|Any CPU.ActiveCfg = Release|Any CPU
		{574CD675-D2E5-4789-AF9E-C5E217D352D4}.Release|Any CPU.Build.0 = Release|Any CPU
		{282D6A61-3125-4381-B6BA-C87867539EDE}.Debug|Any CPU.ActiveCfg = Debug|Any CPU
		{282D6A61-3125-4381-B6BA-C87867539EDE}.Debug|Any CPU.Build.0 = Debug|Any CPU
		{282D6A61-3125-4381-B6BA-C87867539EDE}.Release|Any CPU.ActiveCfg = Release|Any CPU
		{282D6A61-3125-4381-B6BA-C87867539EDE}.Release|Any CPU.Build.0 = Release|Any CPU
		{E4C6F5C7-7F69-4005-B386-9AA8354C3275}.Debug|Any CPU.ActiveCfg = Debug|Any CPU
		{E4C6F5C7-7F69-4005-B386-9AA8354C3275}.Debug|Any CPU.Build.0 = Debug|Any CPU
		{E4C6F5C7-7F69-4005-B386-9AA8354C3275}.Release|Any CPU.ActiveCfg = Release|Any CPU
		{E4C6F5C7-7F69-4005-B386-9AA8354C3275}.Release|Any CPU.Build.0 = Release|Any CPU
		{B8662BA0-7734-4E81-9291-7C4D33CB2715}.Debug|Any CPU.ActiveCfg = Debug|Any CPU
		{B8662BA0-7734-4E81-9291-7C4D33CB2715}.Debug|Any CPU.Build.0 = Debug|Any CPU
		{B8662BA0-7734-4E81-9291-7C4D33CB2715}.Release|Any CPU.ActiveCfg = Release|Any CPU
		{B8662BA0-7734-4E81-9291-7C4D33CB2715}.Release|Any CPU.Build.0 = Release|Any CPU
		{1EFA1B2C-824A-4947-92F5-BE0B10AF1B6D}.Debug|Any CPU.ActiveCfg = Debug|Any CPU
		{1EFA1B2C-824A-4947-92F5-BE0B10AF1B6D}.Debug|Any CPU.Build.0 = Debug|Any CPU
		{1EFA1B2C-824A-4947-92F5-BE0B10AF1B6D}.Release|Any CPU.ActiveCfg = Release|Any CPU
		{1EFA1B2C-824A-4947-92F5-BE0B10AF1B6D}.Release|Any CPU.Build.0 = Release|Any CPU
		{1404B7D8-601F-40A6-892D-82EEDEEC007A}.Debug|Any CPU.ActiveCfg = Debug|Any CPU
		{1404B7D8-601F-40A6-892D-82EEDEEC007A}.Debug|Any CPU.Build.0 = Debug|Any CPU
		{1404B7D8-601F-40A6-892D-82EEDEEC007A}.Release|Any CPU.ActiveCfg = Release|Any CPU
		{1404B7D8-601F-40A6-892D-82EEDEEC007A}.Release|Any CPU.Build.0 = Release|Any CPU
		{80D60068-6473-4EF9-A4D0-503450466A56}.Debug|Any CPU.ActiveCfg = Debug|Any CPU
		{80D60068-6473-4EF9-A4D0-503450466A56}.Debug|Any CPU.Build.0 = Debug|Any CPU
		{80D60068-6473-4EF9-A4D0-503450466A56}.Release|Any CPU.ActiveCfg = Release|Any CPU
		{80D60068-6473-4EF9-A4D0-503450466A56}.Release|Any CPU.Build.0 = Release|Any CPU
	EndGlobalSection
	GlobalSection(SolutionProperties) = preSolution
		HideSolutionNode = FALSE
	EndGlobalSection
	GlobalSection(NestedProjects) = preSolution
		{B8662BA0-7734-4E81-9291-7C4D33CB2715} = {109DB61F-2B76-43FF-A5B3-5CBE980B6EAD}
		{1EFA1B2C-824A-4947-92F5-BE0B10AF1B6D} = {109DB61F-2B76-43FF-A5B3-5CBE980B6EAD}
		{1404B7D8-601F-40A6-892D-82EEDEEC007A} = {109DB61F-2B76-43FF-A5B3-5CBE980B6EAD}
		{80D60068-6473-4EF9-A4D0-503450466A56} = {BC2F5494-9768-481F-A55D-BAF24A72B9ED}
	EndGlobalSection
	GlobalSection(ExtensibilityGlobals) = postSolution
		SolutionGuid = {A2BC14D5-5357-480A-9C98-E05418D21877}
	EndGlobalSection
EndGlobal
